{
  "version": "5",
  "specifiers": {
    "npm:@react-three/fiber@9.5.0": "9.5.0_react@19.2.5_three@0.182.0",
    "npm:@react-three/fiber@^9.5.0": "9.5.0_react@19.2.5_three@0.182.0",
    "npm:react@19.2.0": "19.2.0",
    "npm:react@^19.2.3": "19.2.5",
    "npm:three@0.182": "0.182.0",
    "npm:three@0.182.0": "0.182.0"
  },
  "npm": {
    "@babel/runtime@7.29.2": {
      "integrity": "sha512-JiDShH45zKHWyGe4ZNVRrCjBz8Nh9TMmZG1kh4QTK8hCBTWBi8Da+i7s1fJw7/lYpM4ccepSNfqzZ/QvABBi5g=="
    },
    "@react-three/fiber@9.5.0_react@19.2.5_three@0.182.0": {
      "integrity": "sha512-FiUzfYW4wB1+PpmsE47UM+mCads7j2+giRBltfwH7SNhah95rqJs3ltEs9V3pP8rYdS0QlNne+9Aj8dS/SiaIA==",
      "dependencies": [
        "@babel/runtime",
        "@types/webxr",
        "base64-js",
        "buffer",
        "its-fine",
        "react@19.2.5",
        "react-use-measure",
        "scheduler",
        "suspend-react",
        "three",
        "use-sync-external-store",
        "zustand"
      ]
    },
    "@types/react-reconciler@0.28.9_@types+react@19.2.14": {
      "integrity": "sha512-HHM3nxyUZ3zAylX8ZEyrDNd2XZOnQ0D5XfunJF5FLQnZbHHYq4UWvW1QfelQNXv1ICNkwYhfxjwfnqivYB6bFg==",
      "dependencies": [
        "@types/react"
      ]
    },
    "@types/react@19.2.14": {
      "integrity": "sha512-ilcTH/UniCkMdtexkoCN0bI7pMcJDvmQFPvuPvmEaYA/NSfFTAgdUSLAoVjaRJm7+6PvcM+q1zYOwS4wTYMF9w==",
      "dependencies": [
        "csstype"
      ]
    },
    "@types/webxr@0.5.24": {
      "integrity": "sha512-h8fgEd/DpoS9CBrjEQXR+dIDraopAEfu4wYVNY2tEPwk60stPWhvZMf4Foo5FakuQ7HFZoa8WceaWFervK2Ovg=="
    },
    "base64-js@1.5.1": {
      "integrity": "sha512-AKpaYlHn8t4SVbOHCy+b5+KKgvR4vrsD8vbvrbiQJps7fKDTkjkDry6ji0rUJjC0kzbNePLwzxq8iypo41qeWA=="
    },
    "buffer@6.0.3": {
      "integrity": "sha512-FTiCpNxtwiZZHEZbcbTIcZjERVICn9yq/pDFkTl95/AxzD1naBctN7YO68riM/gLSDY7sdrMby8hofADYuuqOA==",
      "dependencies": [
        "base64-js",
        "ieee754"
      ]
    },
    "csstype@3.2.3": {
      "integrity": "sha512-z1HGKcYy2xA8AGQfwrn0PAy+PB7X/GSj3UVJW9qKyn43xWa+gl5nXmU4qqLMRzWVLFC8KusUX8T/0kCiOYpAIQ=="
    },
    "ieee754@1.2.1": {
      "integrity": "sha512-dcyqhDvX1C46lXZcVqCpK+FtMRQVdIMN6/Df5js2zouUsqG7I6sFxitIC+7KYK29KdXOLHdu9zL4sFnoVQnqaA=="
    },
    "its-fine@2.0.0_react@19.2.5": {
      "integrity": "sha512-KLViCmWx94zOvpLwSlsx6yOCeMhZYaxrJV87Po5k/FoZzcPSahvK5qJ7fYhS61sZi5ikmh2S3Hz55A2l3U69ng==",
      "dependencies": [
        "@types/react-reconciler",
        "react@19.2.5"
      ]
    },
    "react-use-measure@2.1.7_react@19.2.5": {
      "integrity": "sha512-KrvcAo13I/60HpwGO5jpW7E9DfusKyLPLvuHlUyP5zqnmAPhNc6qTRjUQrdTADl0lpPpDVU2/Gg51UlOGHXbdg==",
      "dependencies": [
        "react@19.2.5"
      ]
    },
    "react@19.2.0": {
      "integrity": "sha512-tmbWg6W31tQLeB5cdIBOicJDJRR2KzXsV7uSK9iNfLWQ5bIZfxuPEHp7M8wiHyHnn0DD1i7w3Zmin0FtkrwoCQ=="
    },
    "react@19.2.5": {
      "integrity": "sha512-llUJLzz1zTUBrskt2pwZgLq59AemifIftw4aB7JxOqf1HY2FDaGDxgwpAPVzHU1kdWabH7FauP4i1oEeer2WCA=="
    },
    "scheduler@0.27.0": {
      "integrity": "sha512-eNv+WrVbKu1f3vbYJT/xtiF5syA5HPIMtf9IgY/nKg0sWqzAUEvqY/xm7OcZc/qafLx/iO9FgOmeSAp4v5ti/Q=="
    },
    "suspend-react@0.1.3_react@19.2.5": {
      "integrity": "sha512-aqldKgX9aZqpoDp3e8/BZ8Dm7x1pJl+qI3ZKxDN0i/IQTWUwBx/ManmlVJ3wowqbno6c2bmiIfs+Um6LbsjJyQ==",
      "dependencies": [
        "react@19.2.5"
      ]
    },
    "three@0.182.0": {
      "integrity": "sha512-GbHabT+Irv+ihI1/f5kIIsZ+Ef9Sl5A1Y7imvS5RQjWgtTPfPnZ43JmlYI7NtCRDK9zir20lQpfg8/9Yd02OvQ=="
    },
    "use-sync-external-store@1.6.0_react@19.2.5": {
      "integrity": "sha512-Pp6GSwGP/NrPIrxVFAIkOQeyw8lFenOHijQWkUTrDvrF4ALqylP2C/KCkeS9dpUM3KvYRQhna5vt7IL95+ZQ9w==",
      "dependencies": [
        "react@19.2.5"
      ]
    },
    "zustand@5.0.12_react@19.2.5_use-sync-external-store@1.6.0__react@19.2.5": {
      "integrity": "sha512-i77ae3aZq4dhMlRhJVCYgMLKuSiZAaUPAct2AksxQ+gOtimhGMdXljRT21P5BNpeT4kXlLIckvkPM029OljD7g==",
      "dependencies": [
        "@types/react",
        "react@19.2.5",
        "use-sync-external-store"
      ],
      "optionalPeers": [
        "@types/react",
        "react@19.2.5",
        "use-sync-external-store"
      ]
    }
  },
  "workspace": {
    "dependencies": [
      "npm:@react-three/fiber@^9.5.0",
      "npm:react@^19.2.3",
      "npm:three@0.182"
    ]
  }
}
